
Microsoft Visual Studio Solution File, Format Version 12.00
# Visual Studio Version 16
VisualStudioVersion = 16.0.33423.256
MinimumVisualStudioVersion = 10.0.40219.1
Project("{FAE04EC0-301F-11D3-BF4B-00C04F79EFBC}") = "HomeWork4t1", "HomeWork4t1.csproj", "{67D14D2B-F5E7-48A5-B86E-EDD1680AD9AD}"
EndProject
Global
	GlobalSection(SolutionConfigurationPlatforms) = preSolution
		Debug|Any CPU = Debug|Any CPU
		Release|Any CPU = Release|Any CPU
	EndGlobalSection
	GlobalSection(ProjectConfigurationPlatforms) = postSolution
		{67D14D2B-F5E7-48A5-B86E-EDD1680AD9AD}.Debug|Any CPU.ActiveCfg = Debug|Any CPU
		{67D14D2B-F5E7-48A5-B86E-EDD1680AD9AD}.Debug|Any CPU.Build.0 = Debug|Any CPU
		{67D14D2B-F5E7-48A5-B86E-EDD1680AD9AD}.Release|Any CPU.ActiveCfg = Release|Any CPU
		{67D14D2B-F5E7-48A5-B86E-EDD1680AD9AD}.Release|Any CPU.Build.0 = Release|Any CPU
	EndGlobalSection
	GlobalSection(SolutionProperties) = preSolution
		HideSolutionNode = FALSE
	EndGlobalSection
	GlobalSection(ExtensibilityGlobals) = postSolution
		SolutionGuid = {63555E04-36B6-4F79-B3E4-96196F6D541E}
	EndGlobalSection
EndGlobal
