
Microsoft Visual Studio Solution File, Format Version 12.00
# Visual Studio Version 16
VisualStudioVersion = 16.0.33423.256
MinimumVisualStudioVersion = 10.0.40219.1
Project("{FAE04EC0-301F-11D3-BF4B-00C04F79EFBC}") = "Task1", "Task1.csproj", "{3C556024-CA80-4A65-9F94-532C47C242B2}"
EndProject
Project("{FAE04EC0-301F-11D3-BF4B-00C04F79EFBC}") = "Task2", "..\Task2\Task2.csproj", "{94935D82-2344-4A48-BB80-02A3FC95901B}"
EndProject
Global
	GlobalSection(SolutionConfigurationPlatforms) = preSolution
		Debug|Any CPU = Debug|Any CPU
		Release|Any CPU = Release|Any CPU
	EndGlobalSection
	GlobalSection(ProjectConfigurationPlatforms) = postSolution
		{3C556024-CA80-4A65-9F94-532C47C242B2}.Debug|Any CPU.ActiveCfg = Debug|Any CPU
		{3C556024-CA80-4A65-9F94-532C47C242B2}.Debug|Any CPU.Build.0 = Debug|Any CPU
		{3C556024-CA80-4A65-9F94-532C47C242B2}.Release|Any CPU.ActiveCfg = Release|Any CPU
		{3C556024-CA80-4A65-9F94-532C47C242B2}.Release|Any CPU.Build.0 = Release|Any CPU
		{94935D82-2344-4A48-BB80-02A3FC95901B}.Debug|Any CPU.ActiveCfg = Debug|Any CPU
		{94935D82-2344-4A48-BB80-02A3FC95901B}.Debug|Any CPU.Build.0 = Debug|Any CPU
		{94935D82-2344-4A48-BB80-02A3FC95901B}.Release|Any CPU.ActiveCfg = Release|Any CPU
		{94935D82-2344-4A48-BB80-02A3FC95901B}.Release|Any CPU.Build.0 = Release|Any CPU
	EndGlobalSection
	GlobalSection(SolutionProperties) = preSolution
		HideSolutionNode = FALSE
	EndGlobalSection
	GlobalSection(ExtensibilityGlobals) = postSolution
		SolutionGuid = {92D62E4F-CE3B-482B-BF74-1488EF1FFC94}
	EndGlobalSection
EndGlobal
